
Microsoft Visual Studio Solution File, Format Version 12.00
# Visual Studio Version 17
VisualStudioVersion = 17.10.35013.160
MinimumVisualStudioVersion = 10.0.40219.1
Project("{9A19103F-16F7-4668-BE54-9A1E7A4F7556}") = "ConsoleApp", "ConsoleApp\ConsoleApp.csproj", "{03254A73-2051-435A-BB86-CE00D8117CE8}"
EndProject
Project("{FAE04EC0-301F-11D3-BF4B-00C04F79EFBC}") = "SqlSink", "SqlSink\SqlSink.csproj", "{B7E8B53E-8A0B-4C35-881E-B0D204DA6F17}"
EndProject
Global
	GlobalSection(SolutionConfigurationPlatforms) = preSolution
		Debug|Any CPU = Debug|Any CPU
		Release|Any CPU = Release|Any CPU
	EndGlobalSection
	GlobalSection(ProjectConfigurationPlatforms) = postSolution
		{03254A73-2051-435A-BB86-CE00D8117CE8}.Debug|Any CPU.ActiveCfg = Debug|Any CPU
		{03254A73-2051-435A-BB86-CE00D8117CE8}.Debug|Any CPU.Build.0 = Debug|Any CPU
		{03254A73-2051-435A-BB86-CE00D8117CE8}.Release|Any CPU.ActiveCfg = Release|Any CPU
		{03254A73-2051-435A-BB86-CE00D8117CE8}.Release|Any CPU.Build.0 = Release|Any CPU
		{B7E8B53E-8A0B-4C35-881E-B0D204DA6F17}.Debug|Any CPU.ActiveCfg = Debug|Any CPU
		{B7E8B53E-8A0B-4C35-881E-B0D204DA6F17}.Debug|Any CPU.Build.0 = Debug|Any CPU
		{B7E8B53E-8A0B-4C35-881E-B0D204DA6F17}.Release|Any CPU.ActiveCfg = Release|Any CPU
		{B7E8B53E-8A0B-4C35-881E-B0D204DA6F17}.Release|Any CPU.Build.0 = Release|Any CPU
	EndGlobalSection
	GlobalSection(SolutionProperties) = preSolution
		HideSolutionNode = FALSE
	EndGlobalSection
	GlobalSection(ExtensibilityGlobals) = postSolution
		SolutionGuid = {713DC0DA-ABD8-4315-B6E8-CB760AC91B97}
	EndGlobalSection
EndGlobal
